
Microsoft Visual Studio Solution File, Format Version 10.00
# Visual Studio 2008
Project("{FAE04EC0-301F-11D3-BF4B-00C04F79EFBC}") = "RoomMonitor", "RoomMonitor\RoomMonitor.csproj", "{3C610010-6E2D-4D49-8858-E34DAF81270E}"
EndProject
Global
	GlobalSection(SolutionConfigurationPlatforms) = preSolution
		Debug|Any CPU = Debug|Any CPU
		Release|Any CPU = Release|Any CPU
	EndGlobalSection
	GlobalSection(ProjectConfigurationPlatforms) = postSolution
		{3C610010-6E2D-4D49-8858-E34DAF81270E}.Debug|Any CPU.ActiveCfg = Debug|Any CPU
		{3C610010-6E2D-4D49-8858-E34DAF81270E}.Debug|Any CPU.Build.0 = Debug|Any CPU
		{3C610010-6E2D-4D49-8858-E34DAF81270E}.Release|Any CPU.ActiveCfg = Release|Any CPU
		{3C610010-6E2D-4D49-8858-E34DAF81270E}.Release|Any CPU.Build.0 = Release|Any CPU
	EndGlobalSection
	GlobalSection(SolutionProperties) = preSolution
		HideSolutionNode = FALSE
	EndGlobalSection
EndGlobal
